// !$*UTF8*$!
{
	archiveVersion = 1;
	classes = {
	};
	objectVersion = 50;
	objects = {

/* Begin PBXBuildFile section */
		3AAD0A472CF44264CC643378 /* Pods_Pokemon_Because_Reasons.framework in Frameworks */ = {isa = PBXBuildFile; fileRef = 32DD9908D87C30CFB1EC2173 /* Pods_Pokemon_Because_Reasons.framework */; };
		C6FEB22F2180B3B900021499 /* AppDelegate.swift in Sources */ = {isa = PBXBuildFile; fileRef = C6FEB22E2180B3B900021499 /* AppDelegate.swift */; };
		C6FEB2312180B3B900021499 /* ViewController.swift in Sources */ = {isa = PBXBuildFile; fileRef = C6FEB2302180B3B900021499 /* ViewController.swift */; };
		C6FEB2342180B3B900021499 /* Main.storyboard in Resources */ = {isa = PBXBuildFile; fileRef = C6FEB2322180B3B900021499 /* Main.storyboard */; };
		C6FEB2362180B3B900021499 /* Assets.xcassets in Resources */ = {isa = PBXBuildFile; fileRef = C6FEB2352180B3B900021499 /* Assets.xcassets */; };
		C6FEB2392180B3B900021499 /* LaunchScreen.storyboard in Resources */ = {isa = PBXBuildFile; fileRef = C6FEB2372180B3B900021499 /* LaunchScreen.storyboard */; };
/* End PBXBuildFile section */

/* Begin PBXFileReference section */
		32DD9908D87C30CFB1EC2173 /* Pods_Pokemon_Because_Reasons.framework */ = {isa = PBXFileReference; explicitFileType = wrapper.framework; includeInIndex = 0; path = Pods_Pokemon_Because_Reasons.framework; sourceTree = BUILT_PRODUCTS_DIR; };
		50626A44B640F54D88111B42 /* Pods-Pokemon Because Reasons.debug.xcconfig */ = {isa = PBXFileReference; includeInIndex = 1; lastKnownFileType = text.xcconfig; name = "Pods-Pokemon Because Reasons.debug.xcconfig"; path = "Pods/Target Support Files/Pods-Pokemon Because Reasons/Pods-Pokemon Because Reasons.debug.xcconfig"; sourceTree = "<group>"; };
		ACC3CB45DFF3F2E9DF8CA98F /* Pods-Pokemon Because Reasons.release.xcconfig */ = {isa = PBXFileReference; includeInIndex = 1; lastKnownFileType = text.xcconfig; name = "Pods-Pokemon Because Reasons.release.xcconfig"; path = "Pods/Target Support Files/Pods-Pokemon Because Reasons/Pods-Pokemon Because Reasons.release.xcconfig"; sourceTree = "<group>"; };
		C6FEB22B2180B3B900021499 /* Pokemon Because Reasons.app */ = {isa = PBXFileReference; explicitFileType = wrapper.application; includeInIndex = 0; path = "Pokemon Because Reasons.app"; sourceTree = BUILT_PRODUCTS_DIR; };
		C6FEB22E2180B3B900021499 /* AppDelegate.swift */ = {isa = PBXFileReference; lastKnownFileType = sourcecode.swift; path = AppDelegate.swift; sourceTree = "<group>"; };
		C6FEB2302180B3B900021499 /* ViewController.swift */ = {isa = PBXFileReference; lastKnownFileType = sourcecode.swift; path = ViewController.swift; sourceTree = "<group>"; };
		C6FEB2332180B3B900021499 /* Base */ = {isa = PBXFileReference; lastKnownFileType = file.storyboard; name = Base; path = Base.lproj/Main.storyboard; sourceTree = "<group>"; };
		C6FEB2352180B3B900021499 /* Assets.xcassets */ = {isa = PBXFileReference; lastKnownFileType = folder.assetcatalog; path = Assets.xcassets; sourceTree = "<group>"; };
		C6FEB2382180B3B900021499 /* Base */ = {isa = PBXFileReference; lastKnownFileType = file.storyboard; name = Base; path = Base.lproj/LaunchScreen.storyboard; sourceTree = "<group>"; };
		C6FEB23A2180B3B900021499 /* Info.plist */ = {isa = PBXFileReference; lastKnownFileType = text.plist.xml; path = Info.plist; sourceTree = "<group>"; };
/* End PBXFileReference section */

/* Begin PBXFrameworksBuildPhase section */
		C6FEB2282180B3B900021499 /* Frameworks */ = {
			isa = PBXFrameworksBuildPhase;
			buildActionMask = 2147483647;
			files = (
				3AAD0A472CF44264CC643378 /* Pods_Pokemon_Because_Reasons.framework in Frameworks */,
			);
			runOnlyForDeploymentPostprocessing = 0;
		};
/* End PBXFrameworksBuildPhase section */

/* Begin PBXGroup section */
		81EF959B2DC82B2F5D35D8E4 /* Pods */ = {
			isa = PBXGroup;
			children = (
				50626A44B640F54D88111B42 /* Pods-Pokemon Because Reasons.debug.xcconfig */,
				ACC3CB45DFF3F2E9DF8CA98F /* Pods-Pokemon Because Reasons.release.xcconfig */,
			);
			name = Pods;
			sourceTree = "<group>";
		};
		C6FEB2222180B3B900021499 = {
			isa = PBXGroup;
			children = (
				C6FEB22D2180B3B900021499 /* Pokemon Because Reasons */,
				C6FEB22C2180B3B900021499 /* Products */,
				81EF959B2DC82B2F5D35D8E4 /* Pods */,
				EEE51EAD39869C7772A4F5B8 /* Frameworks */,
			);
			sourceTree = "<group>";
		};
		C6FEB22C2180B3B900021499 /* Products */ = {
			isa = PBXGroup;
			children = (
				C6FEB22B2180B3B900021499 /* Pokemon Because Reasons.app */,
			);
			name = Products;
			sourceTree = "<group>";
		};
		C6FEB22D2180B3B900021499 /* Pokemon Because Reasons */ = {
			isa = PBXGroup;
			children = (
				C6FEB22E2180B3B900021499 /* AppDelegate.swift */,
				C6FEB2302180B3B900021499 /* ViewController.swift */,
				C6FEB2322180B3B900021499 /* Main.storyboard */,
				C6FEB2352180B3B900021499 /* Assets.xcassets */,
				C6FEB2372180B3B900021499 /* LaunchScreen.storyboard */,
				C6FEB23A2180B3B900021499 /* Info.plist */,
			);
			path = "Pokemon Because Reasons";
			sourceTree = "<group>";
		};
		EEE51EAD39869C7772A4F5B8 /* Frameworks */ = {
			isa = PBXGroup;
			children = (
				32DD9908D87C30CFB1EC2173 /* Pods_Pokemon_Because_Reasons.framework */,
			);
			name = Frameworks;
			sourceTree = "<group>";
		};
/* End PBXGroup section */

/* Begin PBXNativeTarget section */
		C6FEB22A2180B3B900021499 /* Pokemon Because Reasons */ = {
			isa = PBXNativeTarget;
			buildConfigurationList = C6FEB23D2180B3B900021499 /* Build configuration list for PBXNativeTarget "Pokemon Because Reasons" */;
			buildPhases = (
				B955AF127FD8D1E334C05E0A /* [CP] Check Pods Manifest.lock */,
				C6FEB2272180B3B900021499 /* Sources */,
				C6FEB2282180B3B900021499 /* Frameworks */,
				C6FEB2292180B3B900021499 /* Resources */,
				A71AE7B3DCE8BF2352B4B242 /* [CP] Embed Pods Frameworks */,
			);
			buildRules = (
			);
			dependencies = (
			);
			name = "Pokemon Because Reasons";
			productName = "Pokemon Because Reasons";
			productReference = C6FEB22B2180B3B900021499 /* Pokemon Because Reasons.app */;
			productType = "com.apple.product-type.application";
		};
/* End PBXNativeTarget section */

/* Begin PBXProject section */
		C6FEB2232180B3B900021499 /* Project object */ = {
			isa = PBXProject;
			attributes = {
				LastSwiftUpdateCheck = 1000;
				LastUpgradeCheck = 1000;
				ORGANIZATIONNAME = "Phoenix Development";
				TargetAttributes = {
					C6FEB22A2180B3B900021499 = {
						CreatedOnToolsVersion = 10.0;
					};
				};
			};
			buildConfigurationList = C6FEB2262180B3B900021499 /* Build configuration list for PBXProject "Pokemon Because Reasons" */;
			compatibilityVersion = "Xcode 9.3";
			developmentRegion = en;
			hasScannedForEncodings = 0;
			knownRegions = (
				en,
				Base,
			);
			mainGroup = C6FEB2222180B3B900021499;
			productRefGroup = C6FEB22C2180B3B900021499 /* Products */;
			projectDirPath = "";
			projectRoot = "";
			targets = (
				C6FEB22A2180B3B900021499 /* Pokemon Because Reasons */,
			);
		};
/* End PBXProject section */

/* Begin PBXResourcesBuildPhase section */
		C6FEB2292180B3B900021499 /* Resources */ = {
			isa = PBXResourcesBuildPhase;
			buildActionMask = 2147483647;
			files = (
				C6FEB2392180B3B900021499 /* LaunchScreen.storyboard in Resources */,
				C6FEB2362180B3B900021499 /* Assets.xcassets in Resources */,
				C6FEB2342180B3B900021499 /* Main.storyboard in Resources */,
			);
			runOnlyForDeploymentPostprocessing = 0;
		};
/* End PBXResourcesBuildPhase section */

/* Begin PBXShellScriptBuildPhase section */
		A71AE7B3DCE8BF2352B4B242 /* [CP] Embed Pods Frameworks */ = {
			isa = PBXShellScriptBuildPhase;
			buildActionMask = 2147483647;
			files = (
			);
			inputPaths = (
				"${SRCROOT}/Pods/Target Support Files/Pods-Pokemon Because Reasons/Pods-Pokemon Because Reasons-frameworks.sh",
				"${BUILT_PRODUCTS_DIR}/Alamofire/Alamofire.framework",
				"${BUILT_PRODUCTS_DIR}/SDWebImage/SDWebImage.framework",
				"${BUILT_PRODUCTS_DIR}/SwiftyJSON/SwiftyJSON.framework",
			);
			name = "[CP] Embed Pods Frameworks";
			outputPaths = (
				"${TARGET_BUILD_DIR}/${FRAMEWORKS_FOLDER_PATH}/Alamofire.framework",
				"${TARGET_BUILD_DIR}/${FRAMEWORKS_FOLDER_PATH}/SDWebImage.framework",
				"${TARGET_BUILD_DIR}/${FRAMEWORKS_FOLDER_PATH}/SwiftyJSON.framework",
			);
			runOnlyForDeploymentPostprocessing = 0;
			shellPath = /bin/sh;
			shellScript = "\"${SRCROOT}/Pods/Target Support Files/Pods-Pokemon Because Reasons/Pods-Pokemon Because Reasons-frameworks.sh\"\n";
			showEnvVarsInLog = 0;
		};
		B955AF127FD8D1E334C05E0A /* [CP] Check Pods Manifest.lock */ = {
			isa = PBXShellScriptBuildPhase;
			buildActionMask = 2147483647;
			files = (
			);
			inputPaths = (
				"${PODS_PODFILE_DIR_PATH}/Podfile.lock",
				"${PODS_ROOT}/Manifest.lock",
			);
			name = "[CP] Check Pods Manifest.lock";
			outputPaths = (
				"$(DERIVED_FILE_DIR)/Pods-Pokemon Because Reasons-checkManifestLockResult.txt",
			);
			runOnlyForDeploymentPostprocessing = 0;
			shellPath = /bin/sh;
			shellScript = "diff \"${PODS_PODFILE_DIR_PATH}/Podfile.lock\" \"${PODS_ROOT}/Manifest.lock\" > /dev/null\nif [ $? != 0 ] ; then\n    # print error to STDERR\n    echo \"error: The sandbox is not in sync with the Podfile.lock. Run 'pod install' or update your CocoaPods installation.\" >&2\n    exit 1\nfi\n# This output is used by Xcode 'outputs' to avoid re-running this script phase.\necho \"SUCCESS\" > \"${SCRIPT_OUTPUT_FILE_0}\"\n";
			showEnvVarsInLog = 0;
		};
/* End PBXShellScriptBuildPhase section */

/* Begin PBXSourcesBuildPhase section */
		C6FEB2272180B3B900021499 /* Sources */ = {
			isa = PBXSourcesBuildPhase;
			buildActionMask = 2147483647;
			files = (
				C6FEB2312180B3B900021499 /* ViewController.swift in Sources */,
				C6FEB22F2180B3B900021499 /* AppDelegate.swift in Sources */,
			);
			runOnlyForDeploymentPostprocessing = 0;
		};
/* End PBXSourcesBuildPhase section */

/* Begin PBXVariantGroup section */
		C6FEB2322180B3B900021499 /* Main.storyboard */ = {
			isa = PBXVariantGroup;
			children = (
				C6FEB2332180B3B900021499 /* Base */,
			);
			name = Main.storyboard;
			sourceTree = "<group>";
		};
		C6FEB2372180B3B900021499 /* LaunchScreen.storyboard */ = {
			isa = PBXVariantGroup;
			children = (
				C6FEB2382180B3B900021499 /* Base */,
			);
			name = LaunchScreen.storyboard;
			sourceTree = "<group>";
		};
/* End PBXVariantGroup section */

/* Begin XCBuildConfiguration section */
		C6FEB23B2180B3B900021499 /* Debug */ = {
			isa = XCBuildConfiguration;
			buildSettings = {
				ALWAYS_SEARCH_USER_PATHS = NO;
				CLANG_ANALYZER_NONNULL = YES;
				CLANG_ANALYZER_NUMBER_OBJECT_CONVERSION = YES_AGGRESSIVE;
				CLANG_CXX_LANGUAGE_STANDARD = "gnu++14";
				CLANG_CXX_LIBRARY = "libc++";
				CLANG_ENABLE_MODULES = YES;
				CLANG_ENABLE_OBJC_ARC = YES;
				CLANG_ENABLE_OBJC_WEAK = YES;
				CLANG_WARN_BLOCK_CAPTURE_AUTORELEASING = YES;
				CLANG_WARN_BOOL_CONVERSION = YES;
				CLANG_WARN_COMMA = YES;
				CLANG_WARN_CONSTANT_CONVERSION = YES;
				CLANG_WARN_DEPRECATED_OBJC_IMPLEMENTATIONS = YES;
				CLANG_WARN_DIRECT_OBJC_ISA_USAGE = YES_ERROR;
				CLANG_WARN_DOCUMENTATION_COMMENTS = YES;
				CLANG_WARN_EMPTY_BODY = YES;
				CLANG_WARN_ENUM_CONVERSION = YES;
				CLANG_WARN_INFINITE_RECURSION = YES;
				CLANG_WARN_INT_CONVERSION = YES;
				CLANG_WARN_NON_LITERAL_NULL_CONVERSION = YES;
				CLANG_WARN_OBJC_IMPLICIT_RETAIN_SELF = YES;
				CLANG_WARN_OBJC_LITERAL_CONVERSION = YES;
				CLANG_WARN_OBJC_ROOT_CLASS = YES_ERROR;
				CLANG_WARN_RANGE_LOOP_ANALYSIS = YES;
				CLANG_WARN_STRICT_PROTOTYPES = YES;
				CLANG_WARN_SUSPICIOUS_MOVE = YES;
				CLANG_WARN_UNGUARDED_AVAILABILITY = YES_AGGRESSIVE;
				CLANG_WARN_UNREACHABLE_CODE = YES;
				CLANG_WARN__DUPLICATE_METHOD_MATCH = YES;
				CODE_SIGN_IDENTITY = "iPhone Developer";
				COPY_PHASE_STRIP = NO;
				DEBUG_INFORMATION_FORMAT = dwarf;
				ENABLE_STRICT_OBJC_MSGSEND = YES;
				ENABLE_TESTABILITY = YES;
				GCC_C_LANGUAGE_STANDARD = gnu11;
				GCC_DYNAMIC_NO_PIC = NO;
				GCC_NO_COMMON_BLOCKS = YES;
				GCC_OPTIMIZATION_LEVEL = 0;
				GCC_PREPROCESSOR_DEFINITIONS = (
					"DEBUG=1",
					"$(inherited)",
				);
				GCC_WARN_64_TO_32_BIT_CONVERSION = YES;
				GCC_WARN_ABOUT_RETURN_TYPE = YES_ERROR;
				GCC_WARN_UNDECLARED_SELECTOR = YES;
				GCC_WARN_UNINITIALIZED_AUTOS = YES_AGGRESSIVE;
				GCC_WARN_UNUSED_FUNCTION = YES;
				GCC_WARN_UNUSED_VARIABLE = YES;
				IPHONEOS_DEPLOYMENT_TARGET = 12.0;
				MTL_ENABLE_DEBUG_INFO = INCLUDE_SOURCE;
				MTL_FAST_MATH = YES;
				ONLY_ACTIVE_ARCH = YES;
				SDKROOT = iphoneos;
				SWIFT_ACTIVE_COMPILATION_CONDITIONS = DEBUG;
				SWIFT_OPTIMIZATION_LEVEL = "-Onone";
			};
			name = Debug;
		};
		C6FEB23C2180B3B900021499 /* Release */ = {
			isa = XCBuildConfiguration;
			buildSettings = {
				ALWAYS_SEARCH_USER_PATHS = NO;
				CLANG_ANALYZER_NONNULL = YES;
				CLANG_ANALYZER_NUMBER_OBJECT_CONVERSION = YES_AGGRESSIVE;
				CLANG_CXX_LANGUAGE_STANDARD = "gnu++14";
				CLANG_CXX_LIBRARY = "libc++";
				CLANG_ENABLE_MODULES = YES;
				CLANG_ENABLE_OBJC_ARC = YES;
				CLANG_ENABLE_OBJC_WEAK = YES;
				CLANG_WARN_BLOCK_CAPTURE_AUTORELEASING = YES;
				CLANG_WARN_BOOL_CONVERSION = YES;
				CLANG_WARN_COMMA = YES;
				CLANG_WARN_CONSTANT_CONVERSION = YES;
				CLANG_WARN_DEPRECATED_OBJC_IMPLEMENTATIONS = YES;
				CLANG_WARN_DIRECT_OBJC_ISA_USAGE = YES_ERROR;
				CLANG_WARN_DOCUMENTATION_COMMENTS = YES;
				CLANG_WARN_EMPTY_BODY = YES;
				CLANG_WARN_ENUM_CONVERSION = YES;
				CLANG_WARN_INFINITE_RECURSION = YES;
				CLANG_WARN_INT_CONVERSION = YES;
				CLANG_WARN_NON_LITERAL_NULL_CONVERSION = YES;
				CLANG_WARN_OBJC_IMPLICIT_RETAIN_SELF = YES;
				CLANG_WARN_OBJC_LITERAL_CONVERSION = YES;
				CLANG_WARN_OBJC_ROOT_CLASS = YES_ERROR;
				CLANG_WARN_RANGE_LOOP_ANALYSIS = YES;
				CLANG_WARN_STRICT_PROTOTYPES = YES;
				CLANG_WARN_SUSPICIOUS_MOVE = YES;
				CLANG_WARN_UNGUARDED_AVAILABILITY = YES_AGGRESSIVE;
				CLANG_WARN_UNREACHABLE_CODE = YES;
				CLANG_WARN__DUPLICATE_METHOD_MATCH = YES;
				CODE_SIGN_IDENTITY = "iPhone Developer";
				COPY_PHASE_STRIP = NO;
				DEBUG_INFORMATION_FORMAT = "dwarf-with-dsym";
				ENABLE_NS_ASSERTIONS = NO;
				ENABLE_STRICT_OBJC_MSGSEND = YES;
				GCC_C_LANGUAGE_STANDARD = gnu11;
				GCC_NO_COMMON_BLOCKS = YES;
				GCC_WARN_64_TO_32_BIT_CONVERSION = YES;
				GCC_WARN_ABOUT_RETURN_TYPE = YES_ERROR;
				GCC_WARN_UNDECLARED_SELECTOR = YES;
				GCC_WARN_UNINITIALIZED_AUTOS = YES_AGGRESSIVE;
				GCC_WARN_UNUSED_FUNCTION = YES;
				GCC_WARN_UNUSED_VARIABLE = YES;
				IPHONEOS_DEPLOYMENT_TARGET = 12.0;
				MTL_ENABLE_DEBUG_INFO = NO;
				MTL_FAST_MATH = YES;
				SDKROOT = iphoneos;
				SWIFT_COMPILATION_MODE = wholemodule;
				SWIFT_OPTIMIZATION_LEVEL = "-O";
				VALIDATE_PRODUCT = YES;
			};
			name = Release;
		};
		C6FEB23E2180B3B900021499 /* Debug */ = {
			isa = XCBuildConfiguration;
			baseConfigurationReference = 50626A44B640F54D88111B42 /* Pods-Pokemon Because Reasons.debug.xcconfig */;
			buildSettings = {
				ASSETCATALOG_COMPILER_APPICON_NAME = AppIcon;
				CODE_SIGN_STYLE = Automatic;
				DEVELOPMENT_TEAM = MA7ASKQ2T8;
				INFOPLIST_FILE = "Pokemon Because Reasons/Info.plist";
				IPHONEOS_DEPLOYMENT_TARGET = 11.0;
				LD_RUNPATH_SEARCH_PATHS = (
					"$(inherited)",
					"@executable_path/Frameworks",
				);
				PRODUCT_BUNDLE_IDENTIFIER = "Phoenix.Pokemon-Because-Reasons";
				PRODUCT_NAME = "$(TARGET_NAME)";
				SWIFT_VERSION = 4.2;
				TARGETED_DEVICE_FAMILY = 1;
			};
			name = Debug;
		};
		C6FEB23F2180B3B900021499 /* Release */ = {
			isa = XCBuildConfiguration;
			baseConfigurationReference = ACC3CB45DFF3F2E9DF8CA98F /* Pods-Pokemon Because Reasons.release.xcconfig */;
			buildSettings = {
				ASSETCATALOG_COMPILER_APPICON_NAME = AppIcon;
				CODE_SIGN_STYLE = Automatic;
				DEVELOPMENT_TEAM = MA7ASKQ2T8;
				INFOPLIST_FILE = "Pokemon Because Reasons/Info.plist";
				IPHONEOS_DEPLOYMENT_TARGET = 11.0;
				LD_RUNPATH_SEARCH_PATHS = (
					"$(inherited)",
					"@executable_path/Frameworks",
				);
				PRODUCT_BUNDLE_IDENTIFIER = "Phoenix.Pokemon-Because-Reasons";
				PRODUCT_NAME = "$(TARGET_NAME)";
				SWIFT_VERSION = 4.2;
				TARGETED_DEVICE_FAMILY = 1;
			};
			name = Release;
		};
/* End XCBuildConfiguration section */

/* Begin XCConfigurationList section */
		C6FEB2262180B3B900021499 /* Build configuration list for PBXProject "Pokemon Because Reasons" */ = {
			isa = XCConfigurationList;
			buildConfigurations = (
				C6FEB23B2180B3B900021499 /* Debug */,
				C6FEB23C2180B3B900021499 /* Release */,
			);
			defaultConfigurationIsVisible = 0;
			defaultConfigurationName = Release;
		};
		C6FEB23D2180B3B900021499 /* Build configuration list for PBXNativeTarget "Pokemon Because Reasons" */ = {
			isa = XCConfigurationList;
			buildConfigurations = (
				C6FEB23E2180B3B900021499 /* Debug */,
				C6FEB23F2180B3B900021499 /* Release */,
			);
			defaultConfigurationIsVisible = 0;
			defaultConfigurationName = Release;
		};
/* End XCConfigurationList section */
	};
	rootObject = C6FEB2232180B3B900021499 /* Project object */;
}
